
Microsoft Visual Studio Solution File, Format Version 12.00
Project("{FAE04EC0-301F-11D3-BF4B-00C04F79EFBC}") = "Sandbox", "Sandbox\Sandbox.csproj", "{3F193F17-B4A0-4AA1-A20D-E1E01E28C300}"
EndProject
Project("{FAE04EC0-301F-11D3-BF4B-00C04F79EFBC}") = "ContentBuildSystem.CLI", "ContentBuildSystem.CLI\ContentBuildSystem.CLI.csproj", "{688F9193-DE00-49C0-9096-A78C1DAEF18F}"
EndProject
Project("{FAE04EC0-301F-11D3-BF4B-00C04F79EFBC}") = "ContentBuildSystem", "ContentBuildSystem\ContentBuildSystem.csproj", "{1DAFB1CA-F34D-41B6-92C6-5B93C8B6290A}"
EndProject
Project("{FAE04EC0-301F-11D3-BF4B-00C04F79EFBC}") = "GenericGameAssetsProcessors", "GenericGameAssetsProcessors\GenericGameAssetsProcessors.csproj", "{22647CCC-C8B3-4F49-A91F-474E8C4E93F1}"
EndProject
Project("{FAE04EC0-301F-11D3-BF4B-00C04F79EFBC}") = "DefaultProcessors", "DefaultProcessors\DefaultProcessors.csproj", "{D9A39B94-EEDB-4B11-BC86-7CA939BD5955}"
EndProject
Project("{FAE04EC0-301F-11D3-BF4B-00C04F79EFBC}") = "ContentBuildSystem.Interfaces", "ContentBuildSystem.Interfaces\ContentBuildSystem.Interfaces.csproj", "{E6C7A7AC-8CB8-4864-8219-2DEA260F07EF}"
EndProject
Project("{FAE04EC0-301F-11D3-BF4B-00C04F79EFBC}") = "GenericGameAssets.Tests", "GenericGameAssets.Tests\GenericGameAssets.Tests.csproj", "{F8CAC6E9-7ABA-4FAC-BE32-4EAA943457C7}"
EndProject
Project("{FAE04EC0-301F-11D3-BF4B-00C04F79EFBC}") = "GenericGameAssets", "GenericGameAssets\GenericGameAssets.csproj", "{1FBF49F8-F517-470B-B755-60B1FFD056A9}"
EndProject
Global
	GlobalSection(SolutionConfigurationPlatforms) = preSolution
		Debug|Any CPU = Debug|Any CPU
		Release|Any CPU = Release|Any CPU
	EndGlobalSection
	GlobalSection(ProjectConfigurationPlatforms) = postSolution
		{3F193F17-B4A0-4AA1-A20D-E1E01E28C300}.Debug|Any CPU.ActiveCfg = Debug|Any CPU
		{3F193F17-B4A0-4AA1-A20D-E1E01E28C300}.Debug|Any CPU.Build.0 = Debug|Any CPU
		{3F193F17-B4A0-4AA1-A20D-E1E01E28C300}.Release|Any CPU.ActiveCfg = Release|Any CPU
		{3F193F17-B4A0-4AA1-A20D-E1E01E28C300}.Release|Any CPU.Build.0 = Release|Any CPU
		{688F9193-DE00-49C0-9096-A78C1DAEF18F}.Debug|Any CPU.ActiveCfg = Debug|Any CPU
		{688F9193-DE00-49C0-9096-A78C1DAEF18F}.Debug|Any CPU.Build.0 = Debug|Any CPU
		{688F9193-DE00-49C0-9096-A78C1DAEF18F}.Release|Any CPU.ActiveCfg = Release|Any CPU
		{688F9193-DE00-49C0-9096-A78C1DAEF18F}.Release|Any CPU.Build.0 = Release|Any CPU
		{1DAFB1CA-F34D-41B6-92C6-5B93C8B6290A}.Debug|Any CPU.ActiveCfg = Debug|Any CPU
		{1DAFB1CA-F34D-41B6-92C6-5B93C8B6290A}.Debug|Any CPU.Build.0 = Debug|Any CPU
		{1DAFB1CA-F34D-41B6-92C6-5B93C8B6290A}.Release|Any CPU.ActiveCfg = Release|Any CPU
		{1DAFB1CA-F34D-41B6-92C6-5B93C8B6290A}.Release|Any CPU.Build.0 = Release|Any CPU
		{22647CCC-C8B3-4F49-A91F-474E8C4E93F1}.Debug|Any CPU.ActiveCfg = Debug|Any CPU
		{22647CCC-C8B3-4F49-A91F-474E8C4E93F1}.Debug|Any CPU.Build.0 = Debug|Any CPU
		{22647CCC-C8B3-4F49-A91F-474E8C4E93F1}.Release|Any CPU.ActiveCfg = Release|Any CPU
		{22647CCC-C8B3-4F49-A91F-474E8C4E93F1}.Release|Any CPU.Build.0 = Release|Any CPU
		{D9A39B94-EEDB-4B11-BC86-7CA939BD5955}.Debug|Any CPU.ActiveCfg = Debug|Any CPU
		{D9A39B94-EEDB-4B11-BC86-7CA939BD5955}.Debug|Any CPU.Build.0 = Debug|Any CPU
		{D9A39B94-EEDB-4B11-BC86-7CA939BD5955}.Release|Any CPU.ActiveCfg = Release|Any CPU
		{D9A39B94-EEDB-4B11-BC86-7CA939BD5955}.Release|Any CPU.Build.0 = Release|Any CPU
		{E6C7A7AC-8CB8-4864-8219-2DEA260F07EF}.Debug|Any CPU.ActiveCfg = Debug|Any CPU
		{E6C7A7AC-8CB8-4864-8219-2DEA260F07EF}.Debug|Any CPU.Build.0 = Debug|Any CPU
		{E6C7A7AC-8CB8-4864-8219-2DEA260F07EF}.Release|Any CPU.ActiveCfg = Release|Any CPU
		{E6C7A7AC-8CB8-4864-8219-2DEA260F07EF}.Release|Any CPU.Build.0 = Release|Any CPU
		{F8CAC6E9-7ABA-4FAC-BE32-4EAA943457C7}.Debug|Any CPU.ActiveCfg = Debug|Any CPU
		{F8CAC6E9-7ABA-4FAC-BE32-4EAA943457C7}.Debug|Any CPU.Build.0 = Debug|Any CPU
		{F8CAC6E9-7ABA-4FAC-BE32-4EAA943457C7}.Release|Any CPU.ActiveCfg = Release|Any CPU
		{F8CAC6E9-7ABA-4FAC-BE32-4EAA943457C7}.Release|Any CPU.Build.0 = Release|Any CPU
		{1FBF49F8-F517-470B-B755-60B1FFD056A9}.Debug|Any CPU.ActiveCfg = Debug|Any CPU
		{1FBF49F8-F517-470B-B755-60B1FFD056A9}.Debug|Any CPU.Build.0 = Debug|Any CPU
		{1FBF49F8-F517-470B-B755-60B1FFD056A9}.Release|Any CPU.ActiveCfg = Release|Any CPU
		{1FBF49F8-F517-470B-B755-60B1FFD056A9}.Release|Any CPU.Build.0 = Release|Any CPU
	EndGlobalSection
EndGlobal
